
Microsoft Visual Studio Solution File, Format Version 12.00
# Visual Studio 15
VisualStudioVersion = 15.0.27130.2027
MinimumVisualStudioVersion = 10.0.40219.1
Project("{FAE04EC0-301F-11D3-BF4B-00C04F79EFBC}") = "CloverClubApp.Android", "CloverClubApp\CloverClubApp.Android\CloverClubApp.Android.csproj", "{592BAEC8-E98E-4850-98FD-F75D332259C2}"
EndProject
Project("{D954291E-2A0B-460D-934E-DC6B0785DB48}") = "CloverClubApp", "CloverClubApp\CloverClubApp\CloverClubApp.shproj", "{C38E692F-86E9-4A33-9F8A-FF53FA507E8E}"
EndProject
Global
	GlobalSection(SharedMSBuildProjectFiles) = preSolution
		CloverClubApp\CloverClubApp\CloverClubApp.projitems*{592baec8-e98e-4850-98fd-f75d332259c2}*SharedItemsImports = 4
		CloverClubApp\CloverClubApp\CloverClubApp.projitems*{c38e692f-86e9-4a33-9f8a-ff53fa507e8e}*SharedItemsImports = 13
	EndGlobalSection
	GlobalSection(SolutionConfigurationPlatforms) = preSolution
		Debug|Any CPU = Debug|Any CPU
		Release|Any CPU = Release|Any CPU
	EndGlobalSection
	GlobalSection(ProjectConfigurationPlatforms) = postSolution
		{592BAEC8-E98E-4850-98FD-F75D332259C2}.Debug|Any CPU.ActiveCfg = Debug|Any CPU
		{592BAEC8-E98E-4850-98FD-F75D332259C2}.Debug|Any CPU.Build.0 = Debug|Any CPU
		{592BAEC8-E98E-4850-98FD-F75D332259C2}.Debug|Any CPU.Deploy.0 = Debug|Any CPU
		{592BAEC8-E98E-4850-98FD-F75D332259C2}.Release|Any CPU.ActiveCfg = Release|Any CPU
		{592BAEC8-E98E-4850-98FD-F75D332259C2}.Release|Any CPU.Build.0 = Release|Any CPU
		{592BAEC8-E98E-4850-98FD-F75D332259C2}.Release|Any CPU.Deploy.0 = Release|Any CPU
	EndGlobalSection
	GlobalSection(SolutionProperties) = preSolution
		HideSolutionNode = FALSE
	EndGlobalSection
	GlobalSection(ExtensibilityGlobals) = postSolution
		SolutionGuid = {F8828918-291F-409F-8D95-366878AC7A6C}
	EndGlobalSection
EndGlobal
